// !$*UTF8*$!
{
	archiveVersion = 1;
	classes = {
	};
	objectVersion = 56;
	objects = {

/* Begin PBXBuildFile section */
		20980B50293FF23000E88594 /* SwiftUISegmentedControlSampleApp.swift in Sources */ = {isa = PBXBuildFile; fileRef = 20980B4F293FF23000E88594 /* SwiftUISegmentedControlSampleApp.swift */; };
		20980B52293FF23000E88594 /* ContentView.swift in Sources */ = {isa = PBXBuildFile; fileRef = 20980B51293FF23000E88594 /* ContentView.swift */; };
		20980B54293FF23100E88594 /* Assets.xcassets in Resources */ = {isa = PBXBuildFile; fileRef = 20980B53293FF23100E88594 /* Assets.xcassets */; };
		20980B57293FF23100E88594 /* Preview Assets.xcassets in Resources */ = {isa = PBXBuildFile; fileRef = 20980B56293FF23100E88594 /* Preview Assets.xcassets */; };
		20980B6429412CAB00E88594 /* SwiftUISegmentedControlSampleUITests.swift in Sources */ = {isa = PBXBuildFile; fileRef = 20980B6329412CAB00E88594 /* SwiftUISegmentedControlSampleUITests.swift */; };
		20980B6629412CAB00E88594 /* SwiftUISegmentedControlSampleUITestsLaunchTests.swift in Sources */ = {isa = PBXBuildFile; fileRef = 20980B6529412CAB00E88594 /* SwiftUISegmentedControlSampleUITestsLaunchTests.swift */; };
/* End PBXBuildFile section */

/* Begin PBXContainerItemProxy section */
		20980B6729412CAB00E88594 /* PBXContainerItemProxy */ = {
			isa = PBXContainerItemProxy;
			containerPortal = 20980B44293FF23000E88594 /* Project object */;
			proxyType = 1;
			remoteGlobalIDString = 20980B4B293FF23000E88594;
			remoteInfo = SwiftUISegmentedControlSample;
		};
/* End PBXContainerItemProxy section */

/* Begin PBXFileReference section */
		20980B4C293FF23000E88594 /* SwiftUISegmentedControlSample.app */ = {isa = PBXFileReference; explicitFileType = wrapper.application; includeInIndex = 0; path = SwiftUISegmentedControlSample.app; sourceTree = BUILT_PRODUCTS_DIR; };
		20980B4F293FF23000E88594 /* SwiftUISegmentedControlSampleApp.swift */ = {isa = PBXFileReference; lastKnownFileType = sourcecode.swift; path = SwiftUISegmentedControlSampleApp.swift; sourceTree = "<group>"; };
		20980B51293FF23000E88594 /* ContentView.swift */ = {isa = PBXFileReference; lastKnownFileType = sourcecode.swift; path = ContentView.swift; sourceTree = "<group>"; };
		20980B53293FF23100E88594 /* Assets.xcassets */ = {isa = PBXFileReference; lastKnownFileType = folder.assetcatalog; path = Assets.xcassets; sourceTree = "<group>"; };
		20980B56293FF23100E88594 /* Preview Assets.xcassets */ = {isa = PBXFileReference; lastKnownFileType = folder.assetcatalog; path = "Preview Assets.xcassets"; sourceTree = "<group>"; };
		20980B6129412CAB00E88594 /* SwiftUISegmentedControlSampleUITests.xctest */ = {isa = PBXFileReference; explicitFileType = wrapper.cfbundle; includeInIndex = 0; path = SwiftUISegmentedControlSampleUITests.xctest; sourceTree = BUILT_PRODUCTS_DIR; };
		20980B6329412CAB00E88594 /* SwiftUISegmentedControlSampleUITests.swift */ = {isa = PBXFileReference; lastKnownFileType = sourcecode.swift; path = SwiftUISegmentedControlSampleUITests.swift; sourceTree = "<group>"; };
		20980B6529412CAB00E88594 /* SwiftUISegmentedControlSampleUITestsLaunchTests.swift */ = {isa = PBXFileReference; lastKnownFileType = sourcecode.swift; path = SwiftUISegmentedControlSampleUITestsLaunchTests.swift; sourceTree = "<group>"; };
/* End PBXFileReference section */

/* Begin PBXFrameworksBuildPhase section */
		20980B49293FF23000E88594 /* Frameworks */ = {
			isa = PBXFrameworksBuildPhase;
			buildActionMask = 2147483647;
			files = (
			);
			runOnlyForDeploymentPostprocessing = 0;
		};
		20980B5E29412CAB00E88594 /* Frameworks */ = {
			isa = PBXFrameworksBuildPhase;
			buildActionMask = 2147483647;
			files = (
			);
			runOnlyForDeploymentPostprocessing = 0;
		};
/* End PBXFrameworksBuildPhase section */

/* Begin PBXGroup section */
		20980B43293FF23000E88594 = {
			isa = PBXGroup;
			children = (
				20980B4E293FF23000E88594 /* SwiftUISegmentedControlSample */,
				20980B6229412CAB00E88594 /* SwiftUISegmentedControlSampleUITests */,
				20980B4D293FF23000E88594 /* Products */,
			);
			sourceTree = "<group>";
		};
		20980B4D293FF23000E88594 /* Products */ = {
			isa = PBXGroup;
			children = (
				20980B4C293FF23000E88594 /* SwiftUISegmentedControlSample.app */,
				20980B6129412CAB00E88594 /* SwiftUISegmentedControlSampleUITests.xctest */,
			);
			name = Products;
			sourceTree = "<group>";
		};
		20980B4E293FF23000E88594 /* SwiftUISegmentedControlSample */ = {
			isa = PBXGroup;
			children = (
				20980B4F293FF23000E88594 /* SwiftUISegmentedControlSampleApp.swift */,
				20980B51293FF23000E88594 /* ContentView.swift */,
				20980B53293FF23100E88594 /* Assets.xcassets */,
				20980B55293FF23100E88594 /* Preview Content */,
			);
			path = SwiftUISegmentedControlSample;
			sourceTree = "<group>";
		};
		20980B55293FF23100E88594 /* Preview Content */ = {
			isa = PBXGroup;
			children = (
				20980B56293FF23100E88594 /* Preview Assets.xcassets */,
			);
			path = "Preview Content";
			sourceTree = "<group>";
		};
		20980B6229412CAB00E88594 /* SwiftUISegmentedControlSampleUITests */ = {
			isa = PBXGroup;
			children = (
				20980B6329412CAB00E88594 /* SwiftUISegmentedControlSampleUITests.swift */,
				20980B6529412CAB00E88594 /* SwiftUISegmentedControlSampleUITestsLaunchTests.swift */,
			);
			path = SwiftUISegmentedControlSampleUITests;
			sourceTree = "<group>";
		};
/* End PBXGroup section */

/* Begin PBXNativeTarget section */
		20980B4B293FF23000E88594 /* SwiftUISegmentedControlSample */ = {
			isa = PBXNativeTarget;
			buildConfigurationList = 20980B5A293FF23100E88594 /* Build configuration list for PBXNativeTarget "SwiftUISegmentedControlSample" */;
			buildPhases = (
				20980B48293FF23000E88594 /* Sources */,
				20980B49293FF23000E88594 /* Frameworks */,
				20980B4A293FF23000E88594 /* Resources */,
			);
			buildRules = (
			);
			dependencies = (
			);
			name = SwiftUISegmentedControlSample;
			productName = SwiftUISegmentedControlSample;
			productReference = 20980B4C293FF23000E88594 /* SwiftUISegmentedControlSample.app */;
			productType = "com.apple.product-type.application";
		};
		20980B6029412CAB00E88594 /* SwiftUISegmentedControlSampleUITests */ = {
			isa = PBXNativeTarget;
			buildConfigurationList = 20980B6929412CAB00E88594 /* Build configuration list for PBXNativeTarget "SwiftUISegmentedControlSampleUITests" */;
			buildPhases = (
				20980B5D29412CAB00E88594 /* Sources */,
				20980B5E29412CAB00E88594 /* Frameworks */,
				20980B5F29412CAB00E88594 /* Resources */,
			);
			buildRules = (
			);
			dependencies = (
				20980B6829412CAB00E88594 /* PBXTargetDependency */,
			);
			name = SwiftUISegmentedControlSampleUITests;
			productName = SwiftUISegmentedControlSampleUITests;
			productReference = 20980B6129412CAB00E88594 /* SwiftUISegmentedControlSampleUITests.xctest */;
			productType = "com.apple.product-type.bundle.ui-testing";
		};
/* End PBXNativeTarget section */

/* Begin PBXProject section */
		20980B44293FF23000E88594 /* Project object */ = {
			isa = PBXProject;
			attributes = {
				BuildIndependentTargetsInParallel = 1;
				LastSwiftUpdateCheck = 1410;
				LastUpgradeCheck = 1410;
				TargetAttributes = {
					20980B4B293FF23000E88594 = {
						CreatedOnToolsVersion = 14.1;
					};
					20980B6029412CAB00E88594 = {
						CreatedOnToolsVersion = 14.1;
						TestTargetID = 20980B4B293FF23000E88594;
					};
				};
			};
			buildConfigurationList = 20980B47293FF23000E88594 /* Build configuration list for PBXProject "SwiftUISegmentedControlSample" */;
			compatibilityVersion = "Xcode 14.0";
			developmentRegion = en;
			hasScannedForEncodings = 0;
			knownRegions = (
				en,
				Base,
			);
			mainGroup = 20980B43293FF23000E88594;
			productRefGroup = 20980B4D293FF23000E88594 /* Products */;
			projectDirPath = "";
			projectRoot = "";
			targets = (
				20980B4B293FF23000E88594 /* SwiftUISegmentedControlSample */,
				20980B6029412CAB00E88594 /* SwiftUISegmentedControlSampleUITests */,
			);
		};
/* End PBXProject section */

/* Begin PBXResourcesBuildPhase section */
		20980B4A293FF23000E88594 /* Resources */ = {
			isa = PBXResourcesBuildPhase;
			buildActionMask = 2147483647;
			files = (
				20980B57293FF23100E88594 /* Preview Assets.xcassets in Resources */,
				20980B54293FF23100E88594 /* Assets.xcassets in Resources */,
			);
			runOnlyForDeploymentPostprocessing = 0;
		};
		20980B5F29412CAB00E88594 /* Resources */ = {
			isa = PBXResourcesBuildPhase;
			buildActionMask = 2147483647;
			files = (
			);
			runOnlyForDeploymentPostprocessing = 0;
		};
/* End PBXResourcesBuildPhase section */

/* Begin PBXSourcesBuildPhase section */
		20980B48293FF23000E88594 /* Sources */ = {
			isa = PBXSourcesBuildPhase;
			buildActionMask = 2147483647;
			files = (
				20980B52293FF23000E88594 /* ContentView.swift in Sources */,
				20980B50293FF23000E88594 /* SwiftUISegmentedControlSampleApp.swift in Sources */,
			);
			runOnlyForDeploymentPostprocessing = 0;
		};
		20980B5D29412CAB00E88594 /* Sources */ = {
			isa = PBXSourcesBuildPhase;
			buildActionMask = 2147483647;
			files = (
				20980B6429412CAB00E88594 /* SwiftUISegmentedControlSampleUITests.swift in Sources */,
				20980B6629412CAB00E88594 /* SwiftUISegmentedControlSampleUITestsLaunchTests.swift in Sources */,
			);
			runOnlyForDeploymentPostprocessing = 0;
		};
/* End PBXSourcesBuildPhase section */

/* Begin PBXTargetDependency section */
		20980B6829412CAB00E88594 /* PBXTargetDependency */ = {
			isa = PBXTargetDependency;
			target = 20980B4B293FF23000E88594 /* SwiftUISegmentedControlSample */;
			targetProxy = 20980B6729412CAB00E88594 /* PBXContainerItemProxy */;
		};
/* End PBXTargetDependency section */

/* Begin XCBuildConfiguration section */
		20980B58293FF23100E88594 /* Debug */ = {
			isa = XCBuildConfiguration;
			buildSettings = {
				ALWAYS_SEARCH_USER_PATHS = NO;
				CLANG_ANALYZER_NONNULL = YES;
				CLANG_ANALYZER_NUMBER_OBJECT_CONVERSION = YES_AGGRESSIVE;
				CLANG_CXX_LANGUAGE_STANDARD = "gnu++20";
				CLANG_ENABLE_MODULES = YES;
				CLANG_ENABLE_OBJC_ARC = YES;
				CLANG_ENABLE_OBJC_WEAK = YES;
				CLANG_WARN_BLOCK_CAPTURE_AUTORELEASING = YES;
				CLANG_WARN_BOOL_CONVERSION = YES;
				CLANG_WARN_COMMA = YES;
				CLANG_WARN_CONSTANT_CONVERSION = YES;
				CLANG_WARN_DEPRECATED_OBJC_IMPLEMENTATIONS = YES;
				CLANG_WARN_DIRECT_OBJC_ISA_USAGE = YES_ERROR;
				CLANG_WARN_DOCUMENTATION_COMMENTS = YES;
				CLANG_WARN_EMPTY_BODY = YES;
				CLANG_WARN_ENUM_CONVERSION = YES;
				CLANG_WARN_INFINITE_RECURSION = YES;
				CLANG_WARN_INT_CONVERSION = YES;
				CLANG_WARN_NON_LITERAL_NULL_CONVERSION = YES;
				CLANG_WARN_OBJC_IMPLICIT_RETAIN_SELF = YES;
				CLANG_WARN_OBJC_LITERAL_CONVERSION = YES;
				CLANG_WARN_OBJC_ROOT_CLASS = YES_ERROR;
				CLANG_WARN_QUOTED_INCLUDE_IN_FRAMEWORK_HEADER = YES;
				CLANG_WARN_RANGE_LOOP_ANALYSIS = YES;
				CLANG_WARN_STRICT_PROTOTYPES = YES;
				CLANG_WARN_SUSPICIOUS_MOVE = YES;
				CLANG_WARN_UNGUARDED_AVAILABILITY = YES_AGGRESSIVE;
				CLANG_WARN_UNREACHABLE_CODE = YES;
				CLANG_WARN__DUPLICATE_METHOD_MATCH = YES;
				COPY_PHASE_STRIP = NO;
				DEBUG_INFORMATION_FORMAT = dwarf;
				ENABLE_STRICT_OBJC_MSGSEND = YES;
				ENABLE_TESTABILITY = YES;
				GCC_C_LANGUAGE_STANDARD = gnu11;
				GCC_DYNAMIC_NO_PIC = NO;
				GCC_NO_COMMON_BLOCKS = YES;
				GCC_OPTIMIZATION_LEVEL = 0;
				GCC_PREPROCESSOR_DEFINITIONS = (
					"DEBUG=1",
					"$(inherited)",
				);
				GCC_WARN_64_TO_32_BIT_CONVERSION = YES;
				GCC_WARN_ABOUT_RETURN_TYPE = YES_ERROR;
				GCC_WARN_UNDECLARED_SELECTOR = YES;
				GCC_WARN_UNINITIALIZED_AUTOS = YES_AGGRESSIVE;
				GCC_WARN_UNUSED_FUNCTION = YES;
				GCC_WARN_UNUSED_VARIABLE = YES;
				IPHONEOS_DEPLOYMENT_TARGET = 16.1;
				MTL_ENABLE_DEBUG_INFO = INCLUDE_SOURCE;
				MTL_FAST_MATH = YES;
				ONLY_ACTIVE_ARCH = YES;
				SDKROOT = iphoneos;
				SWIFT_ACTIVE_COMPILATION_CONDITIONS = DEBUG;
				SWIFT_OPTIMIZATION_LEVEL = "-Onone";
			};
			name = Debug;
		};
		20980B59293FF23100E88594 /* Release */ = {
			isa = XCBuildConfiguration;
			buildSettings = {
				ALWAYS_SEARCH_USER_PATHS = NO;
				CLANG_ANALYZER_NONNULL = YES;
				CLANG_ANALYZER_NUMBER_OBJECT_CONVERSION = YES_AGGRESSIVE;
				CLANG_CXX_LANGUAGE_STANDARD = "gnu++20";
				CLANG_ENABLE_MODULES = YES;
				CLANG_ENABLE_OBJC_ARC = YES;
				CLANG_ENABLE_OBJC_WEAK = YES;
				CLANG_WARN_BLOCK_CAPTURE_AUTORELEASING = YES;
				CLANG_WARN_BOOL_CONVERSION = YES;
				CLANG_WARN_COMMA = YES;
				CLANG_WARN_CONSTANT_CONVERSION = YES;
				CLANG_WARN_DEPRECATED_OBJC_IMPLEMENTATIONS = YES;
				CLANG_WARN_DIRECT_OBJC_ISA_USAGE = YES_ERROR;
				CLANG_WARN_DOCUMENTATION_COMMENTS = YES;
				CLANG_WARN_EMPTY_BODY = YES;
				CLANG_WARN_ENUM_CONVERSION = YES;
				CLANG_WARN_INFINITE_RECURSION = YES;
				CLANG_WARN_INT_CONVERSION = YES;
				CLANG_WARN_NON_LITERAL_NULL_CONVERSION = YES;
				CLANG_WARN_OBJC_IMPLICIT_RETAIN_SELF = YES;
				CLANG_WARN_OBJC_LITERAL_CONVERSION = YES;
				CLANG_WARN_OBJC_ROOT_CLASS = YES_ERROR;
				CLANG_WARN_QUOTED_INCLUDE_IN_FRAMEWORK_HEADER = YES;
				CLANG_WARN_RANGE_LOOP_ANALYSIS = YES;
				CLANG_WARN_STRICT_PROTOTYPES = YES;
				CLANG_WARN_SUSPICIOUS_MOVE = YES;
				CLANG_WARN_UNGUARDED_AVAILABILITY = YES_AGGRESSIVE;
				CLANG_WARN_UNREACHABLE_CODE = YES;
				CLANG_WARN__DUPLICATE_METHOD_MATCH = YES;
				COPY_PHASE_STRIP = NO;
				DEBUG_INFORMATION_FORMAT = "dwarf-with-dsym";
				ENABLE_NS_ASSERTIONS = NO;
				ENABLE_STRICT_OBJC_MSGSEND = YES;
				GCC_C_LANGUAGE_STANDARD = gnu11;
				GCC_NO_COMMON_BLOCKS = YES;
				GCC_WARN_64_TO_32_BIT_CONVERSION = YES;
				GCC_WARN_ABOUT_RETURN_TYPE = YES_ERROR;
				GCC_WARN_UNDECLARED_SELECTOR = YES;
				GCC_WARN_UNINITIALIZED_AUTOS = YES_AGGRESSIVE;
				GCC_WARN_UNUSED_FUNCTION = YES;
				GCC_WARN_UNUSED_VARIABLE = YES;
				IPHONEOS_DEPLOYMENT_TARGET = 16.1;
				MTL_ENABLE_DEBUG_INFO = NO;
				MTL_FAST_MATH = YES;
				SDKROOT = iphoneos;
				SWIFT_COMPILATION_MODE = wholemodule;
				SWIFT_OPTIMIZATION_LEVEL = "-O";
				VALIDATE_PRODUCT = YES;
			};
			name = Release;
		};
		20980B5B293FF23100E88594 /* Debug */ = {
			isa = XCBuildConfiguration;
			buildSettings = {
				ASSETCATALOG_COMPILER_APPICON_NAME = AppIcon;
				ASSETCATALOG_COMPILER_GLOBAL_ACCENT_COLOR_NAME = AccentColor;
				CODE_SIGN_STYLE = Automatic;
				CURRENT_PROJECT_VERSION = 1;
				DEVELOPMENT_ASSET_PATHS = "\"SwiftUISegmentedControlSample/Preview Content\"";
				DEVELOPMENT_TEAM = TL76QL278K;
				ENABLE_PREVIEWS = YES;
				GENERATE_INFOPLIST_FILE = YES;
				INFOPLIST_KEY_UIApplicationSceneManifest_Generation = YES;
				INFOPLIST_KEY_UIApplicationSupportsIndirectInputEvents = YES;
				INFOPLIST_KEY_UILaunchScreen_Generation = YES;
				INFOPLIST_KEY_UISupportedInterfaceOrientations_iPad = "UIInterfaceOrientationPortrait UIInterfaceOrientationPortraitUpsideDown UIInterfaceOrientationLandscapeLeft UIInterfaceOrientationLandscapeRight";
				INFOPLIST_KEY_UISupportedInterfaceOrientations_iPhone = "UIInterfaceOrientationPortrait UIInterfaceOrientationLandscapeLeft UIInterfaceOrientationLandscapeRight";
				LD_RUNPATH_SEARCH_PATHS = (
					"$(inherited)",
					"@executable_path/Frameworks",
				);
				MARKETING_VERSION = 1.0;
				PRODUCT_BUNDLE_IDENTIFIER = com.juanmueller.SwiftUISegmentedControlSample;
				PRODUCT_NAME = "$(TARGET_NAME)";
				SWIFT_EMIT_LOC_STRINGS = YES;
				SWIFT_VERSION = 5.0;
				TARGETED_DEVICE_FAMILY = "1,2";
			};
			name = Debug;
		};
		20980B5C293FF23100E88594 /* Release */ = {
			isa = XCBuildConfiguration;
			buildSettings = {
				ASSETCATALOG_COMPILER_APPICON_NAME = AppIcon;
				ASSETCATALOG_COMPILER_GLOBAL_ACCENT_COLOR_NAME = AccentColor;
				CODE_SIGN_STYLE = Automatic;
				CURRENT_PROJECT_VERSION = 1;
				DEVELOPMENT_ASSET_PATHS = "\"SwiftUISegmentedControlSample/Preview Content\"";
				DEVELOPMENT_TEAM = TL76QL278K;
				ENABLE_PREVIEWS = YES;
				GENERATE_INFOPLIST_FILE = YES;
				INFOPLIST_KEY_UIApplicationSceneManifest_Generation = YES;
				INFOPLIST_KEY_UIApplicationSupportsIndirectInputEvents = YES;
				INFOPLIST_KEY_UILaunchScreen_Generation = YES;
				INFOPLIST_KEY_UISupportedInterfaceOrientations_iPad = "UIInterfaceOrientationPortrait UIInterfaceOrientationPortraitUpsideDown UIInterfaceOrientationLandscapeLeft UIInterfaceOrientationLandscapeRight";
				INFOPLIST_KEY_UISupportedInterfaceOrientations_iPhone = "UIInterfaceOrientationPortrait UIInterfaceOrientationLandscapeLeft UIInterfaceOrientationLandscapeRight";
				LD_RUNPATH_SEARCH_PATHS = (
					"$(inherited)",
					"@executable_path/Frameworks",
				);
				MARKETING_VERSION = 1.0;
				PRODUCT_BUNDLE_IDENTIFIER = com.juanmueller.SwiftUISegmentedControlSample;
				PRODUCT_NAME = "$(TARGET_NAME)";
				SWIFT_EMIT_LOC_STRINGS = YES;
				SWIFT_VERSION = 5.0;
				TARGETED_DEVICE_FAMILY = "1,2";
			};
			name = Release;
		};
		20980B6A29412CAB00E88594 /* Debug */ = {
			isa = XCBuildConfiguration;
			buildSettings = {
				CODE_SIGN_STYLE = Automatic;
				CURRENT_PROJECT_VERSION = 1;
				DEVELOPMENT_TEAM = TL76QL278K;
				GENERATE_INFOPLIST_FILE = YES;
				MARKETING_VERSION = 1.0;
				PRODUCT_BUNDLE_IDENTIFIER = com.juanmueller.SwiftUISegmentedControlSampleUITests;
				PRODUCT_NAME = "$(TARGET_NAME)";
				SWIFT_EMIT_LOC_STRINGS = NO;
				SWIFT_VERSION = 5.0;
				TARGETED_DEVICE_FAMILY = "1,2";
				TEST_TARGET_NAME = SwiftUISegmentedControlSample;
			};
			name = Debug;
		};
		20980B6B29412CAB00E88594 /* Release */ = {
			isa = XCBuildConfiguration;
			buildSettings = {
				CODE_SIGN_STYLE = Automatic;
				CURRENT_PROJECT_VERSION = 1;
				DEVELOPMENT_TEAM = TL76QL278K;
				GENERATE_INFOPLIST_FILE = YES;
				MARKETING_VERSION = 1.0;
				PRODUCT_BUNDLE_IDENTIFIER = com.juanmueller.SwiftUISegmentedControlSampleUITests;
				PRODUCT_NAME = "$(TARGET_NAME)";
				SWIFT_EMIT_LOC_STRINGS = NO;
				SWIFT_VERSION = 5.0;
				TARGETED_DEVICE_FAMILY = "1,2";
				TEST_TARGET_NAME = SwiftUISegmentedControlSample;
			};
			name = Release;
		};
/* End XCBuildConfiguration section */

/* Begin XCConfigurationList section */
		20980B47293FF23000E88594 /* Build configuration list for PBXProject "SwiftUISegmentedControlSample" */ = {
			isa = XCConfigurationList;
			buildConfigurations = (
				20980B58293FF23100E88594 /* Debug */,
				20980B59293FF23100E88594 /* Release */,
			);
			defaultConfigurationIsVisible = 0;
			defaultConfigurationName = Release;
		};
		20980B5A293FF23100E88594 /* Build configuration list for PBXNativeTarget "SwiftUISegmentedControlSample" */ = {
			isa = XCConfigurationList;
			buildConfigurations = (
				20980B5B293FF23100E88594 /* Debug */,
				20980B5C293FF23100E88594 /* Release */,
			);
			defaultConfigurationIsVisible = 0;
			defaultConfigurationName = Release;
		};
		20980B6929412CAB00E88594 /* Build configuration list for PBXNativeTarget "SwiftUISegmentedControlSampleUITests" */ = {
			isa = XCConfigurationList;
			buildConfigurations = (
				20980B6A29412CAB00E88594 /* Debug */,
				20980B6B29412CAB00E88594 /* Release */,
			);
			defaultConfigurationIsVisible = 0;
			defaultConfigurationName = Release;
		};
/* End XCConfigurationList section */
	};
	rootObject = 20980B44293FF23000E88594 /* Project object */;
}
